// !$*UTF8*$!
{
	archiveVersion = 1;
	classes = {
	};
	objectVersion = 48;
	objects = {

/* Begin PBXBuildFile section */
		2C8670B7A62224B96ED5DA6F /* Pods_UBNT_Speed_Test.framework in Frameworks */ = {isa = PBXBuildFile; fileRef = 69DCC33D3FB4C0CB922BA8DE /* Pods_UBNT_Speed_Test.framework */; };
		2F414E3520614BC30065AEC7 /* AppDelegate.swift in Sources */ = {isa = PBXBuildFile; fileRef = 2F414E3420614BC30065AEC7 /* AppDelegate.swift */; };
		2F414E3A20614BC30065AEC7 /* Main.storyboard in Resources */ = {isa = PBXBuildFile; fileRef = 2F414E3820614BC30065AEC7 /* Main.storyboard */; };
		2F414E3C20614BC30065AEC7 /* Assets.xcassets in Resources */ = {isa = PBXBuildFile; fileRef = 2F414E3B20614BC30065AEC7 /* Assets.xcassets */; };
		2F414E3F20614BC30065AEC7 /* LaunchScreen.storyboard in Resources */ = {isa = PBXBuildFile; fileRef = 2F414E3D20614BC30065AEC7 /* LaunchScreen.storyboard */; };
		2F414E4A20614BC30065AEC7 /* UBNT_Speed_TestTests.swift in Sources */ = {isa = PBXBuildFile; fileRef = 2F414E4920614BC30065AEC7 /* UBNT_Speed_TestTests.swift */; };
		2F414E5520614FEC0065AEC7 /* SpeedTestViewController.swift in Sources */ = {isa = PBXBuildFile; fileRef = 2F414E5420614FEC0065AEC7 /* SpeedTestViewController.swift */; };
		2F414E582061500C0065AEC7 /* AppCoordinator.swift in Sources */ = {isa = PBXBuildFile; fileRef = 2F414E572061500C0065AEC7 /* AppCoordinator.swift */; };
		2F414E5A206150220065AEC7 /* Model.swift in Sources */ = {isa = PBXBuildFile; fileRef = 2F414E59206150220065AEC7 /* Model.swift */; };
		2F414E5D206151910065AEC7 /* R.generated.swift in Sources */ = {isa = PBXBuildFile; fileRef = 2F414E5C206151910065AEC7 /* R.generated.swift */; };
		2F414E5F206152080065AEC7 /* Shortcuts.swift in Sources */ = {isa = PBXBuildFile; fileRef = 2F414E5E206152080065AEC7 /* Shortcuts.swift */; };
		5E2739212D77DE3777E61422 /* Pods_UBNT_Speed_TestTests.framework in Frameworks */ = {isa = PBXBuildFile; fileRef = 641B88EDB89602F2AC51BA61 /* Pods_UBNT_Speed_TestTests.framework */; };
/* End PBXBuildFile section */

/* Begin PBXContainerItemProxy section */
		2F414E4620614BC30065AEC7 /* PBXContainerItemProxy */ = {
			isa = PBXContainerItemProxy;
			containerPortal = 2F414E2920614BC30065AEC7 /* Project object */;
			proxyType = 1;
			remoteGlobalIDString = 2F414E3020614BC30065AEC7;
			remoteInfo = "UBNT Speed Test";
		};
/* End PBXContainerItemProxy section */

/* Begin PBXFileReference section */
		2F414E3120614BC30065AEC7 /* UBNT Speed Test.app */ = {isa = PBXFileReference; explicitFileType = wrapper.application; includeInIndex = 0; path = "UBNT Speed Test.app"; sourceTree = BUILT_PRODUCTS_DIR; };
		2F414E3420614BC30065AEC7 /* AppDelegate.swift */ = {isa = PBXFileReference; indentWidth = 2; lastKnownFileType = sourcecode.swift; path = AppDelegate.swift; sourceTree = "<group>"; tabWidth = 2; };
		2F414E3920614BC30065AEC7 /* Base */ = {isa = PBXFileReference; lastKnownFileType = file.storyboard; name = Base; path = Base.lproj/Main.storyboard; sourceTree = "<group>"; };
		2F414E3B20614BC30065AEC7 /* Assets.xcassets */ = {isa = PBXFileReference; lastKnownFileType = folder.assetcatalog; path = Assets.xcassets; sourceTree = "<group>"; };
		2F414E3E20614BC30065AEC7 /* Base */ = {isa = PBXFileReference; lastKnownFileType = file.storyboard; name = Base; path = Base.lproj/LaunchScreen.storyboard; sourceTree = "<group>"; };
		2F414E4020614BC30065AEC7 /* Info.plist */ = {isa = PBXFileReference; lastKnownFileType = text.plist.xml; path = Info.plist; sourceTree = "<group>"; };
		2F414E4520614BC30065AEC7 /* UBNT Speed TestTests.xctest */ = {isa = PBXFileReference; explicitFileType = wrapper.cfbundle; includeInIndex = 0; path = "UBNT Speed TestTests.xctest"; sourceTree = BUILT_PRODUCTS_DIR; };
		2F414E4920614BC30065AEC7 /* UBNT_Speed_TestTests.swift */ = {isa = PBXFileReference; lastKnownFileType = sourcecode.swift; path = UBNT_Speed_TestTests.swift; sourceTree = "<group>"; };
		2F414E4B20614BC30065AEC7 /* Info.plist */ = {isa = PBXFileReference; lastKnownFileType = text.plist.xml; path = Info.plist; sourceTree = "<group>"; };
		2F414E5420614FEC0065AEC7 /* SpeedTestViewController.swift */ = {isa = PBXFileReference; lastKnownFileType = sourcecode.swift; path = SpeedTestViewController.swift; sourceTree = "<group>"; };
		2F414E572061500C0065AEC7 /* AppCoordinator.swift */ = {isa = PBXFileReference; lastKnownFileType = sourcecode.swift; path = AppCoordinator.swift; sourceTree = "<group>"; };
		2F414E59206150220065AEC7 /* Model.swift */ = {isa = PBXFileReference; lastKnownFileType = sourcecode.swift; path = Model.swift; sourceTree = "<group>"; };
		2F414E5C206151910065AEC7 /* R.generated.swift */ = {isa = PBXFileReference; fileEncoding = 4; lastKnownFileType = sourcecode.swift; path = R.generated.swift; sourceTree = SOURCE_ROOT; };
		2F414E5E206152080065AEC7 /* Shortcuts.swift */ = {isa = PBXFileReference; lastKnownFileType = sourcecode.swift; path = Shortcuts.swift; sourceTree = "<group>"; };
		433212877475C0E43C241EE4 /* Pods-UBNT Speed TestTests.debug.xcconfig */ = {isa = PBXFileReference; includeInIndex = 1; lastKnownFileType = text.xcconfig; name = "Pods-UBNT Speed TestTests.debug.xcconfig"; path = "Pods/Target Support Files/Pods-UBNT Speed TestTests/Pods-UBNT Speed TestTests.debug.xcconfig"; sourceTree = "<group>"; };
		641B88EDB89602F2AC51BA61 /* Pods_UBNT_Speed_TestTests.framework */ = {isa = PBXFileReference; explicitFileType = wrapper.framework; includeInIndex = 0; path = Pods_UBNT_Speed_TestTests.framework; sourceTree = BUILT_PRODUCTS_DIR; };
		69DCC33D3FB4C0CB922BA8DE /* Pods_UBNT_Speed_Test.framework */ = {isa = PBXFileReference; explicitFileType = wrapper.framework; includeInIndex = 0; path = Pods_UBNT_Speed_Test.framework; sourceTree = BUILT_PRODUCTS_DIR; };
		8CFC5ED82244EC6DCA681205 /* Pods-UBNT Speed Test.release.xcconfig */ = {isa = PBXFileReference; includeInIndex = 1; lastKnownFileType = text.xcconfig; name = "Pods-UBNT Speed Test.release.xcconfig"; path = "Pods/Target Support Files/Pods-UBNT Speed Test/Pods-UBNT Speed Test.release.xcconfig"; sourceTree = "<group>"; };
		C197EA108002B02BB5C5595B /* Pods-UBNT Speed Test.debug.xcconfig */ = {isa = PBXFileReference; includeInIndex = 1; lastKnownFileType = text.xcconfig; name = "Pods-UBNT Speed Test.debug.xcconfig"; path = "Pods/Target Support Files/Pods-UBNT Speed Test/Pods-UBNT Speed Test.debug.xcconfig"; sourceTree = "<group>"; };
		EA0F5CE9CF8A26A67CED2709 /* Pods-UBNT Speed TestTests.release.xcconfig */ = {isa = PBXFileReference; includeInIndex = 1; lastKnownFileType = text.xcconfig; name = "Pods-UBNT Speed TestTests.release.xcconfig"; path = "Pods/Target Support Files/Pods-UBNT Speed TestTests/Pods-UBNT Speed TestTests.release.xcconfig"; sourceTree = "<group>"; };
/* End PBXFileReference section */

/* Begin PBXFrameworksBuildPhase section */
		2F414E2E20614BC30065AEC7 /* Frameworks */ = {
			isa = PBXFrameworksBuildPhase;
			buildActionMask = 2147483647;
			files = (
				2C8670B7A62224B96ED5DA6F /* Pods_UBNT_Speed_Test.framework in Frameworks */,
			);
			runOnlyForDeploymentPostprocessing = 0;
		};
		2F414E4220614BC30065AEC7 /* Frameworks */ = {
			isa = PBXFrameworksBuildPhase;
			buildActionMask = 2147483647;
			files = (
				5E2739212D77DE3777E61422 /* Pods_UBNT_Speed_TestTests.framework in Frameworks */,
			);
			runOnlyForDeploymentPostprocessing = 0;
		};
/* End PBXFrameworksBuildPhase section */

/* Begin PBXGroup section */
		2F414E2820614BC30065AEC7 = {
			isa = PBXGroup;
			children = (
				2F414E5C206151910065AEC7 /* R.generated.swift */,
				2F414E3320614BC30065AEC7 /* UBNT Speed Test */,
				2F414E4820614BC30065AEC7 /* UBNT Speed TestTests */,
				2F414E3220614BC30065AEC7 /* Products */,
				9E592A5EB502B3108902DA8C /* Pods */,
				64B22FBE0CA070C91CF9DE2C /* Frameworks */,
			);
			indentWidth = 2;
			sourceTree = "<group>";
			tabWidth = 2;
		};
		2F414E3220614BC30065AEC7 /* Products */ = {
			isa = PBXGroup;
			children = (
				2F414E3120614BC30065AEC7 /* UBNT Speed Test.app */,
				2F414E4520614BC30065AEC7 /* UBNT Speed TestTests.xctest */,
			);
			name = Products;
			sourceTree = "<group>";
		};
		2F414E3320614BC30065AEC7 /* UBNT Speed Test */ = {
			isa = PBXGroup;
			children = (
				2F414E3420614BC30065AEC7 /* AppDelegate.swift */,
				2F414E572061500C0065AEC7 /* AppCoordinator.swift */,
				2F414E59206150220065AEC7 /* Model.swift */,
				2F414E5E206152080065AEC7 /* Shortcuts.swift */,
				2F414E60206153460065AEC7 /* Screens */,
				2F414E3820614BC30065AEC7 /* Main.storyboard */,
				2F414E3B20614BC30065AEC7 /* Assets.xcassets */,
				2F414E3D20614BC30065AEC7 /* LaunchScreen.storyboard */,
				2F414E4020614BC30065AEC7 /* Info.plist */,
			);
			path = "UBNT Speed Test";
			sourceTree = "<group>";
		};
		2F414E4820614BC30065AEC7 /* UBNT Speed TestTests */ = {
			isa = PBXGroup;
			children = (
				2F414E4920614BC30065AEC7 /* UBNT_Speed_TestTests.swift */,
				2F414E4B20614BC30065AEC7 /* Info.plist */,
			);
			path = "UBNT Speed TestTests";
			sourceTree = "<group>";
		};
		2F414E5620614FF60065AEC7 /* Speed test */ = {
			isa = PBXGroup;
			children = (
				2F414E5420614FEC0065AEC7 /* SpeedTestViewController.swift */,
			);
			path = "Speed test";
			sourceTree = "<group>";
		};
		2F414E60206153460065AEC7 /* Screens */ = {
			isa = PBXGroup;
			children = (
				2F414E5620614FF60065AEC7 /* Speed test */,
			);
			path = Screens;
			sourceTree = "<group>";
		};
		64B22FBE0CA070C91CF9DE2C /* Frameworks */ = {
			isa = PBXGroup;
			children = (
				69DCC33D3FB4C0CB922BA8DE /* Pods_UBNT_Speed_Test.framework */,
				641B88EDB89602F2AC51BA61 /* Pods_UBNT_Speed_TestTests.framework */,
			);
			name = Frameworks;
			sourceTree = "<group>";
		};
		9E592A5EB502B3108902DA8C /* Pods */ = {
			isa = PBXGroup;
			children = (
				C197EA108002B02BB5C5595B /* Pods-UBNT Speed Test.debug.xcconfig */,
				8CFC5ED82244EC6DCA681205 /* Pods-UBNT Speed Test.release.xcconfig */,
				433212877475C0E43C241EE4 /* Pods-UBNT Speed TestTests.debug.xcconfig */,
				EA0F5CE9CF8A26A67CED2709 /* Pods-UBNT Speed TestTests.release.xcconfig */,
			);
			name = Pods;
			sourceTree = "<group>";
		};
/* End PBXGroup section */

/* Begin PBXNativeTarget section */
		2F414E3020614BC30065AEC7 /* UBNT Speed Test */ = {
			isa = PBXNativeTarget;
			buildConfigurationList = 2F414E4E20614BC30065AEC7 /* Build configuration list for PBXNativeTarget "UBNT Speed Test" */;
			buildPhases = (
				CEC5F969EBECDA5025B47BA7 /* [CP] Check Pods Manifest.lock */,
				2F414E5B2061514B0065AEC7 /* R.swift */,
				2F414E2D20614BC30065AEC7 /* Sources */,
				2F414E2E20614BC30065AEC7 /* Frameworks */,
				2F414E2F20614BC30065AEC7 /* Resources */,
				FD3D314571C75898DB0CC100 /* [CP] Embed Pods Frameworks */,
				4D5BA80CA84012DAFC86D393 /* [CP] Copy Pods Resources */,
			);
			buildRules = (
			);
			dependencies = (
			);
			name = "UBNT Speed Test";
			productName = "UBNT Speed Test";
			productReference = 2F414E3120614BC30065AEC7 /* UBNT Speed Test.app */;
			productType = "com.apple.product-type.application";
		};
		2F414E4420614BC30065AEC7 /* UBNT Speed TestTests */ = {
			isa = PBXNativeTarget;
			buildConfigurationList = 2F414E5120614BC30065AEC7 /* Build configuration list for PBXNativeTarget "UBNT Speed TestTests" */;
			buildPhases = (
				4A660723731D7E6D44C1FBE4 /* [CP] Check Pods Manifest.lock */,
				2F414E4120614BC30065AEC7 /* Sources */,
				2F414E4220614BC30065AEC7 /* Frameworks */,
				2F414E4320614BC30065AEC7 /* Resources */,
				5954B7D674609AB2F66A5D0E /* [CP] Embed Pods Frameworks */,
				BC376484108CE65C2C987462 /* [CP] Copy Pods Resources */,
			);
			buildRules = (
			);
			dependencies = (
				2F414E4720614BC30065AEC7 /* PBXTargetDependency */,
			);
			name = "UBNT Speed TestTests";
			productName = "UBNT Speed TestTests";
			productReference = 2F414E4520614BC30065AEC7 /* UBNT Speed TestTests.xctest */;
			productType = "com.apple.product-type.bundle.unit-test";
		};
/* End PBXNativeTarget section */

/* Begin PBXProject section */
		2F414E2920614BC30065AEC7 /* Project object */ = {
			isa = PBXProject;
			attributes = {
				LastSwiftUpdateCheck = 0920;
				LastUpgradeCheck = 0920;
				ORGANIZATIONNAME = "Roman Kříž";
				TargetAttributes = {
					2F414E3020614BC30065AEC7 = {
						CreatedOnToolsVersion = 9.2;
						ProvisioningStyle = Automatic;
					};
					2F414E4420614BC30065AEC7 = {
						CreatedOnToolsVersion = 9.2;
						ProvisioningStyle = Automatic;
						TestTargetID = 2F414E3020614BC30065AEC7;
					};
				};
			};
			buildConfigurationList = 2F414E2C20614BC30065AEC7 /* Build configuration list for PBXProject "UBNT Speed Test" */;
			compatibilityVersion = "Xcode 8.0";
			developmentRegion = en;
			hasScannedForEncodings = 0;
			knownRegions = (
				en,
				Base,
			);
			mainGroup = 2F414E2820614BC30065AEC7;
			productRefGroup = 2F414E3220614BC30065AEC7 /* Products */;
			projectDirPath = "";
			projectRoot = "";
			targets = (
				2F414E3020614BC30065AEC7 /* UBNT Speed Test */,
				2F414E4420614BC30065AEC7 /* UBNT Speed TestTests */,
			);
		};
/* End PBXProject section */

/* Begin PBXResourcesBuildPhase section */
		2F414E2F20614BC30065AEC7 /* Resources */ = {
			isa = PBXResourcesBuildPhase;
			buildActionMask = 2147483647;
			files = (
				2F414E3F20614BC30065AEC7 /* LaunchScreen.storyboard in Resources */,
				2F414E3C20614BC30065AEC7 /* Assets.xcassets in Resources */,
				2F414E3A20614BC30065AEC7 /* Main.storyboard in Resources */,
			);
			runOnlyForDeploymentPostprocessing = 0;
		};
		2F414E4320614BC30065AEC7 /* Resources */ = {
			isa = PBXResourcesBuildPhase;
			buildActionMask = 2147483647;
			files = (
			);
			runOnlyForDeploymentPostprocessing = 0;
		};
/* End PBXResourcesBuildPhase section */

/* Begin PBXShellScriptBuildPhase section */
		2F414E5B2061514B0065AEC7 /* R.swift */ = {
			isa = PBXShellScriptBuildPhase;
			buildActionMask = 2147483647;
			files = (
			);
			inputPaths = (
			);
			name = R.swift;
			outputPaths = (
			);
			runOnlyForDeploymentPostprocessing = 0;
			shellPath = /bin/sh;
			shellScript = "\"$PODS_ROOT/R.swift/rswift\" generate \"$SRCROOT\"";
		};
		4A660723731D7E6D44C1FBE4 /* [CP] Check Pods Manifest.lock */ = {
			isa = PBXShellScriptBuildPhase;
			buildActionMask = 2147483647;
			files = (
			);
			inputPaths = (
				"${PODS_PODFILE_DIR_PATH}/Podfile.lock",
				"${PODS_ROOT}/Manifest.lock",
			);
			name = "[CP] Check Pods Manifest.lock";
			outputPaths = (
				"$(DERIVED_FILE_DIR)/Pods-UBNT Speed TestTests-checkManifestLockResult.txt",
			);
			runOnlyForDeploymentPostprocessing = 0;
			shellPath = /bin/sh;
			shellScript = "diff \"${PODS_PODFILE_DIR_PATH}/Podfile.lock\" \"${PODS_ROOT}/Manifest.lock\" > /dev/null\nif [ $? != 0 ] ; then\n    # print error to STDERR\n    echo \"error: The sandbox is not in sync with the Podfile.lock. Run 'pod install' or update your CocoaPods installation.\" >&2\n    exit 1\nfi\n# This output is used by Xcode 'outputs' to avoid re-running this script phase.\necho \"SUCCESS\" > \"${SCRIPT_OUTPUT_FILE_0}\"\n";
			showEnvVarsInLog = 0;
		};
		4D5BA80CA84012DAFC86D393 /* [CP] Copy Pods Resources */ = {
			isa = PBXShellScriptBuildPhase;
			buildActionMask = 2147483647;
			files = (
			);
			inputPaths = (
			);
			name = "[CP] Copy Pods Resources";
			outputPaths = (
			);
			runOnlyForDeploymentPostprocessing = 0;
			shellPath = /bin/sh;
			shellScript = "\"${SRCROOT}/Pods/Target Support Files/Pods-UBNT Speed Test/Pods-UBNT Speed Test-resources.sh\"\n";
			showEnvVarsInLog = 0;
		};
		5954B7D674609AB2F66A5D0E /* [CP] Embed Pods Frameworks */ = {
			isa = PBXShellScriptBuildPhase;
			buildActionMask = 2147483647;
			files = (
			);
			inputPaths = (
			);
			name = "[CP] Embed Pods Frameworks";
			outputPaths = (
			);
			runOnlyForDeploymentPostprocessing = 0;
			shellPath = /bin/sh;
			shellScript = "\"${SRCROOT}/Pods/Target Support Files/Pods-UBNT Speed TestTests/Pods-UBNT Speed TestTests-frameworks.sh\"\n";
			showEnvVarsInLog = 0;
		};
		BC376484108CE65C2C987462 /* [CP] Copy Pods Resources */ = {
			isa = PBXShellScriptBuildPhase;
			buildActionMask = 2147483647;
			files = (
			);
			inputPaths = (
			);
			name = "[CP] Copy Pods Resources";
			outputPaths = (
			);
			runOnlyForDeploymentPostprocessing = 0;
			shellPath = /bin/sh;
			shellScript = "\"${SRCROOT}/Pods/Target Support Files/Pods-UBNT Speed TestTests/Pods-UBNT Speed TestTests-resources.sh\"\n";
			showEnvVarsInLog = 0;
		};
		CEC5F969EBECDA5025B47BA7 /* [CP] Check Pods Manifest.lock */ = {
			isa = PBXShellScriptBuildPhase;
			buildActionMask = 2147483647;
			files = (
			);
			inputPaths = (
				"${PODS_PODFILE_DIR_PATH}/Podfile.lock",
				"${PODS_ROOT}/Manifest.lock",
			);
			name = "[CP] Check Pods Manifest.lock";
			outputPaths = (
				"$(DERIVED_FILE_DIR)/Pods-UBNT Speed Test-checkManifestLockResult.txt",
			);
			runOnlyForDeploymentPostprocessing = 0;
			shellPath = /bin/sh;
			shellScript = "diff \"${PODS_PODFILE_DIR_PATH}/Podfile.lock\" \"${PODS_ROOT}/Manifest.lock\" > /dev/null\nif [ $? != 0 ] ; then\n    # print error to STDERR\n    echo \"error: The sandbox is not in sync with the Podfile.lock. Run 'pod install' or update your CocoaPods installation.\" >&2\n    exit 1\nfi\n# This output is used by Xcode 'outputs' to avoid re-running this script phase.\necho \"SUCCESS\" > \"${SCRIPT_OUTPUT_FILE_0}\"\n";
			showEnvVarsInLog = 0;
		};
		FD3D314571C75898DB0CC100 /* [CP] Embed Pods Frameworks */ = {
			isa = PBXShellScriptBuildPhase;
			buildActionMask = 2147483647;
			files = (
			);
			inputPaths = (
				"${SRCROOT}/Pods/Target Support Files/Pods-UBNT Speed Test/Pods-UBNT Speed Test-frameworks.sh",
				"${BUILT_PRODUCTS_DIR}/R.swift.Library/Rswift.framework",
				"${BUILT_PRODUCTS_DIR}/RxCocoa/RxCocoa.framework",
				"${BUILT_PRODUCTS_DIR}/RxSwift/RxSwift.framework",
			);
			name = "[CP] Embed Pods Frameworks";
			outputPaths = (
				"${TARGET_BUILD_DIR}/${FRAMEWORKS_FOLDER_PATH}/Rswift.framework",
				"${TARGET_BUILD_DIR}/${FRAMEWORKS_FOLDER_PATH}/RxCocoa.framework",
				"${TARGET_BUILD_DIR}/${FRAMEWORKS_FOLDER_PATH}/RxSwift.framework",
			);
			runOnlyForDeploymentPostprocessing = 0;
			shellPath = /bin/sh;
			shellScript = "\"${SRCROOT}/Pods/Target Support Files/Pods-UBNT Speed Test/Pods-UBNT Speed Test-frameworks.sh\"\n";
			showEnvVarsInLog = 0;
		};
/* End PBXShellScriptBuildPhase section */

/* Begin PBXSourcesBuildPhase section */
		2F414E2D20614BC30065AEC7 /* Sources */ = {
			isa = PBXSourcesBuildPhase;
			buildActionMask = 2147483647;
			files = (
				2F414E582061500C0065AEC7 /* AppCoordinator.swift in Sources */,
				2F414E5520614FEC0065AEC7 /* SpeedTestViewController.swift in Sources */,
				2F414E5D206151910065AEC7 /* R.generated.swift in Sources */,
				2F414E3520614BC30065AEC7 /* AppDelegate.swift in Sources */,
				2F414E5A206150220065AEC7 /* Model.swift in Sources */,
				2F414E5F206152080065AEC7 /* Shortcuts.swift in Sources */,
			);
			runOnlyForDeploymentPostprocessing = 0;
		};
		2F414E4120614BC30065AEC7 /* Sources */ = {
			isa = PBXSourcesBuildPhase;
			buildActionMask = 2147483647;
			files = (
				2F414E4A20614BC30065AEC7 /* UBNT_Speed_TestTests.swift in Sources */,
			);
			runOnlyForDeploymentPostprocessing = 0;
		};
/* End PBXSourcesBuildPhase section */

/* Begin PBXTargetDependency section */
		2F414E4720614BC30065AEC7 /* PBXTargetDependency */ = {
			isa = PBXTargetDependency;
			target = 2F414E3020614BC30065AEC7 /* UBNT Speed Test */;
			targetProxy = 2F414E4620614BC30065AEC7 /* PBXContainerItemProxy */;
		};
/* End PBXTargetDependency section */

/* Begin PBXVariantGroup section */
		2F414E3820614BC30065AEC7 /* Main.storyboard */ = {
			isa = PBXVariantGroup;
			children = (
				2F414E3920614BC30065AEC7 /* Base */,
			);
			name = Main.storyboard;
			sourceTree = "<group>";
		};
		2F414E3D20614BC30065AEC7 /* LaunchScreen.storyboard */ = {
			isa = PBXVariantGroup;
			children = (
				2F414E3E20614BC30065AEC7 /* Base */,
			);
			name = LaunchScreen.storyboard;
			sourceTree = "<group>";
		};
/* End PBXVariantGroup section */

/* Begin XCBuildConfiguration section */
		2F414E4C20614BC30065AEC7 /* Debug */ = {
			isa = XCBuildConfiguration;
			buildSettings = {
				ALWAYS_SEARCH_USER_PATHS = NO;
				CLANG_ANALYZER_NONNULL = YES;
				CLANG_ANALYZER_NUMBER_OBJECT_CONVERSION = YES_AGGRESSIVE;
				CLANG_CXX_LANGUAGE_STANDARD = "gnu++14";
				CLANG_CXX_LIBRARY = "libc++";
				CLANG_ENABLE_MODULES = YES;
				CLANG_ENABLE_OBJC_ARC = YES;
				CLANG_WARN_BLOCK_CAPTURE_AUTORELEASING = YES;
				CLANG_WARN_BOOL_CONVERSION = YES;
				CLANG_WARN_COMMA = YES;
				CLANG_WARN_CONSTANT_CONVERSION = YES;
				CLANG_WARN_DIRECT_OBJC_ISA_USAGE = YES_ERROR;
				CLANG_WARN_DOCUMENTATION_COMMENTS = YES;
				CLANG_WARN_EMPTY_BODY = YES;
				CLANG_WARN_ENUM_CONVERSION = YES;
				CLANG_WARN_INFINITE_RECURSION = YES;
				CLANG_WARN_INT_CONVERSION = YES;
				CLANG_WARN_NON_LITERAL_NULL_CONVERSION = YES;
				CLANG_WARN_OBJC_LITERAL_CONVERSION = YES;
				CLANG_WARN_OBJC_ROOT_CLASS = YES_ERROR;
				CLANG_WARN_RANGE_LOOP_ANALYSIS = YES;
				CLANG_WARN_STRICT_PROTOTYPES = YES;
				CLANG_WARN_SUSPICIOUS_MOVE = YES;
				CLANG_WARN_UNGUARDED_AVAILABILITY = YES_AGGRESSIVE;
				CLANG_WARN_UNREACHABLE_CODE = YES;
				CLANG_WARN__DUPLICATE_METHOD_MATCH = YES;
				CODE_SIGN_IDENTITY = "iPhone Developer";
				COPY_PHASE_STRIP = NO;
				DEBUG_INFORMATION_FORMAT = dwarf;
				ENABLE_STRICT_OBJC_MSGSEND = YES;
				ENABLE_TESTABILITY = YES;
				GCC_C_LANGUAGE_STANDARD = gnu11;
				GCC_DYNAMIC_NO_PIC = NO;
				GCC_NO_COMMON_BLOCKS = YES;
				GCC_OPTIMIZATION_LEVEL = 0;
				GCC_PREPROCESSOR_DEFINITIONS = (
					"DEBUG=1",
					"$(inherited)",
				);
				GCC_WARN_64_TO_32_BIT_CONVERSION = YES;
				GCC_WARN_ABOUT_RETURN_TYPE = YES_ERROR;
				GCC_WARN_UNDECLARED_SELECTOR = YES;
				GCC_WARN_UNINITIALIZED_AUTOS = YES_AGGRESSIVE;
				GCC_WARN_UNUSED_FUNCTION = YES;
				GCC_WARN_UNUSED_VARIABLE = YES;
				IPHONEOS_DEPLOYMENT_TARGET = 11.2;
				MTL_ENABLE_DEBUG_INFO = YES;
				ONLY_ACTIVE_ARCH = YES;
				SDKROOT = iphoneos;
				SWIFT_ACTIVE_COMPILATION_CONDITIONS = DEBUG;
				SWIFT_OPTIMIZATION_LEVEL = "-Onone";
			};
			name = Debug;
		};
		2F414E4D20614BC30065AEC7 /* Release */ = {
			isa = XCBuildConfiguration;
			buildSettings = {
				ALWAYS_SEARCH_USER_PATHS = NO;
				CLANG_ANALYZER_NONNULL = YES;
				CLANG_ANALYZER_NUMBER_OBJECT_CONVERSION = YES_AGGRESSIVE;
				CLANG_CXX_LANGUAGE_STANDARD = "gnu++14";
				CLANG_CXX_LIBRARY = "libc++";
				CLANG_ENABLE_MODULES = YES;
				CLANG_ENABLE_OBJC_ARC = YES;
				CLANG_WARN_BLOCK_CAPTURE_AUTORELEASING = YES;
				CLANG_WARN_BOOL_CONVERSION = YES;
				CLANG_WARN_COMMA = YES;
				CLANG_WARN_CONSTANT_CONVERSION = YES;
				CLANG_WARN_DIRECT_OBJC_ISA_USAGE = YES_ERROR;
				CLANG_WARN_DOCUMENTATION_COMMENTS = YES;
				CLANG_WARN_EMPTY_BODY = YES;
				CLANG_WARN_ENUM_CONVERSION = YES;
				CLANG_WARN_INFINITE_RECURSION = YES;
				CLANG_WARN_INT_CONVERSION = YES;
				CLANG_WARN_NON_LITERAL_NULL_CONVERSION = YES;
				CLANG_WARN_OBJC_LITERAL_CONVERSION = YES;
				CLANG_WARN_OBJC_ROOT_CLASS = YES_ERROR;
				CLANG_WARN_RANGE_LOOP_ANALYSIS = YES;
				CLANG_WARN_STRICT_PROTOTYPES = YES;
				CLANG_WARN_SUSPICIOUS_MOVE = YES;
				CLANG_WARN_UNGUARDED_AVAILABILITY = YES_AGGRESSIVE;
				CLANG_WARN_UNREACHABLE_CODE = YES;
				CLANG_WARN__DUPLICATE_METHOD_MATCH = YES;
				CODE_SIGN_IDENTITY = "iPhone Developer";
				COPY_PHASE_STRIP = NO;
				DEBUG_INFORMATION_FORMAT = "dwarf-with-dsym";
				ENABLE_NS_ASSERTIONS = NO;
				ENABLE_STRICT_OBJC_MSGSEND = YES;
				GCC_C_LANGUAGE_STANDARD = gnu11;
				GCC_NO_COMMON_BLOCKS = YES;
				GCC_WARN_64_TO_32_BIT_CONVERSION = YES;
				GCC_WARN_ABOUT_RETURN_TYPE = YES_ERROR;
				GCC_WARN_UNDECLARED_SELECTOR = YES;
				GCC_WARN_UNINITIALIZED_AUTOS = YES_AGGRESSIVE;
				GCC_WARN_UNUSED_FUNCTION = YES;
				GCC_WARN_UNUSED_VARIABLE = YES;
				IPHONEOS_DEPLOYMENT_TARGET = 11.2;
				MTL_ENABLE_DEBUG_INFO = NO;
				SDKROOT = iphoneos;
				SWIFT_OPTIMIZATION_LEVEL = "-Owholemodule";
				VALIDATE_PRODUCT = YES;
			};
			name = Release;
		};
		2F414E4F20614BC30065AEC7 /* Debug */ = {
			isa = XCBuildConfiguration;
			baseConfigurationReference = C197EA108002B02BB5C5595B /* Pods-UBNT Speed Test.debug.xcconfig */;
			buildSettings = {
				ASSETCATALOG_COMPILER_APPICON_NAME = AppIcon;
				CODE_SIGN_STYLE = Automatic;
				DEVELOPMENT_TEAM = WBH7BDBQCB;
				INFOPLIST_FILE = "UBNT Speed Test/Info.plist";
				IPHONEOS_DEPLOYMENT_TARGET = 11.0;
				LD_RUNPATH_SEARCH_PATHS = "$(inherited) @executable_path/Frameworks";
				PRODUCT_BUNDLE_IDENTIFIER = "io.kriz.roman.UBNT-Speed-Test";
				PRODUCT_NAME = "$(TARGET_NAME)";
				SWIFT_VERSION = 4.0;
				TARGETED_DEVICE_FAMILY = 1;
			};
			name = Debug;
		};
		2F414E5020614BC30065AEC7 /* Release */ = {
			isa = XCBuildConfiguration;
			baseConfigurationReference = 8CFC5ED82244EC6DCA681205 /* Pods-UBNT Speed Test.release.xcconfig */;
			buildSettings = {
				ASSETCATALOG_COMPILER_APPICON_NAME = AppIcon;
				CODE_SIGN_STYLE = Automatic;
				DEVELOPMENT_TEAM = WBH7BDBQCB;
				INFOPLIST_FILE = "UBNT Speed Test/Info.plist";
				IPHONEOS_DEPLOYMENT_TARGET = 11.0;
				LD_RUNPATH_SEARCH_PATHS = "$(inherited) @executable_path/Frameworks";
				PRODUCT_BUNDLE_IDENTIFIER = "io.kriz.roman.UBNT-Speed-Test";
				PRODUCT_NAME = "$(TARGET_NAME)";
				SWIFT_VERSION = 4.0;
				TARGETED_DEVICE_FAMILY = 1;
			};
			name = Release;
		};
		2F414E5220614BC30065AEC7 /* Debug */ = {
			isa = XCBuildConfiguration;
			baseConfigurationReference = 433212877475C0E43C241EE4 /* Pods-UBNT Speed TestTests.debug.xcconfig */;
			buildSettings = {
				ALWAYS_EMBED_SWIFT_STANDARD_LIBRARIES = YES;
				BUNDLE_LOADER = "$(TEST_HOST)";
				CODE_SIGN_STYLE = Automatic;
				DEVELOPMENT_TEAM = WBH7BDBQCB;
				INFOPLIST_FILE = "UBNT Speed TestTests/Info.plist";
				LD_RUNPATH_SEARCH_PATHS = "$(inherited) @executable_path/Frameworks @loader_path/Frameworks";
				PRODUCT_BUNDLE_IDENTIFIER = "io.kriz.roman.UBNT-Speed-TestTests";
				PRODUCT_NAME = "$(TARGET_NAME)";
				SWIFT_VERSION = 4.0;
				TARGETED_DEVICE_FAMILY = "1,2";
				TEST_HOST = "$(BUILT_PRODUCTS_DIR)/UBNT Speed Test.app/UBNT Speed Test";
			};
			name = Debug;
		};
		2F414E5320614BC30065AEC7 /* Release */ = {
			isa = XCBuildConfiguration;
			baseConfigurationReference = EA0F5CE9CF8A26A67CED2709 /* Pods-UBNT Speed TestTests.release.xcconfig */;
			buildSettings = {
				ALWAYS_EMBED_SWIFT_STANDARD_LIBRARIES = YES;
				BUNDLE_LOADER = "$(TEST_HOST)";
				CODE_SIGN_STYLE = Automatic;
				DEVELOPMENT_TEAM = WBH7BDBQCB;
				INFOPLIST_FILE = "UBNT Speed TestTests/Info.plist";
				LD_RUNPATH_SEARCH_PATHS = "$(inherited) @executable_path/Frameworks @loader_path/Frameworks";
				PRODUCT_BUNDLE_IDENTIFIER = "io.kriz.roman.UBNT-Speed-TestTests";
				PRODUCT_NAME = "$(TARGET_NAME)";
				SWIFT_VERSION = 4.0;
				TARGETED_DEVICE_FAMILY = "1,2";
				TEST_HOST = "$(BUILT_PRODUCTS_DIR)/UBNT Speed Test.app/UBNT Speed Test";
			};
			name = Release;
		};
/* End XCBuildConfiguration section */

/* Begin XCConfigurationList section */
		2F414E2C20614BC30065AEC7 /* Build configuration list for PBXProject "UBNT Speed Test" */ = {
			isa = XCConfigurationList;
			buildConfigurations = (
				2F414E4C20614BC30065AEC7 /* Debug */,
				2F414E4D20614BC30065AEC7 /* Release */,
			);
			defaultConfigurationIsVisible = 0;
			defaultConfigurationName = Release;
		};
		2F414E4E20614BC30065AEC7 /* Build configuration list for PBXNativeTarget "UBNT Speed Test" */ = {
			isa = XCConfigurationList;
			buildConfigurations = (
				2F414E4F20614BC30065AEC7 /* Debug */,
				2F414E5020614BC30065AEC7 /* Release */,
			);
			defaultConfigurationIsVisible = 0;
			defaultConfigurationName = Release;
		};
		2F414E5120614BC30065AEC7 /* Build configuration list for PBXNativeTarget "UBNT Speed TestTests" */ = {
			isa = XCConfigurationList;
			buildConfigurations = (
				2F414E5220614BC30065AEC7 /* Debug */,
				2F414E5320614BC30065AEC7 /* Release */,
			);
			defaultConfigurationIsVisible = 0;
			defaultConfigurationName = Release;
		};
/* End XCConfigurationList section */
	};
	rootObject = 2F414E2920614BC30065AEC7 /* Project object */;
}
